
Microsoft Visual Studio Solution File, Format Version 12.00
# Visual Studio Version 17
VisualStudioVersion = 17.14.36310.24
MinimumVisualStudioVersion = 10.0.40219.1
Project("{FAE04EC0-301F-11D3-BF4B-00C04F79EFBC}") = "MvcProjeKampi", "MvcProjeKampi\MvcProjeKampi.csproj", "{FAB47B64-C696-497A-9F66-19365D5B070C}"
EndProject
Project("{FAE04EC0-301F-11D3-BF4B-00C04F79EFBC}") = "Business", "Business\Business.csproj", "{544FF776-10BE-4561-A592-13E60CF0AAEE}"
EndProject
Project("{FAE04EC0-301F-11D3-BF4B-00C04F79EFBC}") = "DataAcces", "DataAcces\DataAcces.csproj", "{5B064356-9F33-4868-B2F1-490A85D54155}"
EndProject
Project("{FAE04EC0-301F-11D3-BF4B-00C04F79EFBC}") = "Entities", "Entities\Entities.csproj", "{C4FDCED4-49F7-446F-8090-D25598850517}"
EndProject
Global
	GlobalSection(SolutionConfigurationPlatforms) = preSolution
		Debug|Any CPU = Debug|Any CPU
		Release|Any CPU = Release|Any CPU
	EndGlobalSection
	GlobalSection(ProjectConfigurationPlatforms) = postSolution
		{FAB47B64-C696-497A-9F66-19365D5B070C}.Debug|Any CPU.ActiveCfg = Debug|Any CPU
		{FAB47B64-C696-497A-9F66-19365D5B070C}.Debug|Any CPU.Build.0 = Debug|Any CPU
		{FAB47B64-C696-497A-9F66-19365D5B070C}.Release|Any CPU.ActiveCfg = Release|Any CPU
		{FAB47B64-C696-497A-9F66-19365D5B070C}.Release|Any CPU.Build.0 = Release|Any CPU
		{544FF776-10BE-4561-A592-13E60CF0AAEE}.Debug|Any CPU.ActiveCfg = Debug|Any CPU
		{544FF776-10BE-4561-A592-13E60CF0AAEE}.Debug|Any CPU.Build.0 = Debug|Any CPU
		{544FF776-10BE-4561-A592-13E60CF0AAEE}.Release|Any CPU.ActiveCfg = Release|Any CPU
		{544FF776-10BE-4561-A592-13E60CF0AAEE}.Release|Any CPU.Build.0 = Release|Any CPU
		{5B064356-9F33-4868-B2F1-490A85D54155}.Debug|Any CPU.ActiveCfg = Debug|Any CPU
		{5B064356-9F33-4868-B2F1-490A85D54155}.Debug|Any CPU.Build.0 = Debug|Any CPU
		{5B064356-9F33-4868-B2F1-490A85D54155}.Release|Any CPU.ActiveCfg = Release|Any CPU
		{5B064356-9F33-4868-B2F1-490A85D54155}.Release|Any CPU.Build.0 = Release|Any CPU
		{C4FDCED4-49F7-446F-8090-D25598850517}.Debug|Any CPU.ActiveCfg = Debug|Any CPU
		{C4FDCED4-49F7-446F-8090-D25598850517}.Debug|Any CPU.Build.0 = Debug|Any CPU
		{C4FDCED4-49F7-446F-8090-D25598850517}.Release|Any CPU.ActiveCfg = Release|Any CPU
		{C4FDCED4-49F7-446F-8090-D25598850517}.Release|Any CPU.Build.0 = Release|Any CPU
	EndGlobalSection
	GlobalSection(SolutionProperties) = preSolution
		HideSolutionNode = FALSE
	EndGlobalSection
	GlobalSection(ExtensibilityGlobals) = postSolution
		SolutionGuid = {C3DD54CC-64A0-4E97-916D-3F1D0A9FE986}
	EndGlobalSection
EndGlobal
